// !$*UTF8*$!
{
	archiveVersion = 1;
	classes = {
	};
	objectVersion = 54;
	objects = {

/* Begin PBXBuildFile section */
		0C0670BF09CD8C8F6CB5F055 /* libPods-shopsabuyfrontendnative-shopsabuyfrontendnativeDev.a in Frameworks */ = {isa = PBXBuildFile; fileRef = 60C861965CA24C8E1254FFDB /* libPods-shopsabuyfrontendnative-shopsabuyfrontendnativeDev.a */; };
		13B07FBF1A68108700A75B9A /* Images.xcassets in Resources */ = {isa = PBXBuildFile; fileRef = 13B07FB51A68108700A75B9A /* Images.xcassets */; };
		20BE924DF402C8A324EA7D75 /* BuildFile in Frameworks */ = {isa = PBXBuildFile; };
		44D1B472BD368BCD0A7EA8D8 /* libPods-shopsabuyfrontendnative.a in Frameworks */ = {isa = PBXBuildFile; fileRef = 5B6547AE70309FC8ECAADB11 /* libPods-shopsabuyfrontendnative.a */; };
		4938486A0D08E32E06D019F6 /* libPods-shopsabuyfrontendnative-shopsabuyfrontendnativeStaging.a in Frameworks */ = {isa = PBXBuildFile; fileRef = 8A6093FEE2DEC28891EE6531 /* libPods-shopsabuyfrontendnative-shopsabuyfrontendnativeStaging.a */; };
		56EB52DB2E0EF68900C335EB /* AppDelegate.swift in Sources */ = {isa = PBXBuildFile; fileRef = 761780EC2CA45674006654EE /* AppDelegate.swift */; };
		56EB52DF2E0EF68900C335EB /* LaunchScreen.storyboard in Resources */ = {isa = PBXBuildFile; fileRef = 81AB9BB72411601600AC10FF /* LaunchScreen.storyboard */; };
		56EB52E02E0EF68900C335EB /* Images.xcassets in Resources */ = {isa = PBXBuildFile; fileRef = 13B07FB51A68108700A75B9A /* Images.xcassets */; };
		56EB52E12E0EF68900C335EB /* PrivacyInfo.xcprivacy in Resources */ = {isa = PBXBuildFile; fileRef = 13B07FB81A68108700A75B9A /* PrivacyInfo.xcprivacy */; };
		56EB52ED2E0F03F500C335EB /* AppDelegate.swift in Sources */ = {isa = PBXBuildFile; fileRef = 761780EC2CA45674006654EE /* AppDelegate.swift */; };
		56EB52EF2E0F03F500C335EB /* BuildFile in Frameworks */ = {isa = PBXBuildFile; };
		56EB52F22E0F03F500C335EB /* LaunchScreen.storyboard in Resources */ = {isa = PBXBuildFile; fileRef = 81AB9BB72411601600AC10FF /* LaunchScreen.storyboard */; };
		56EB52F32E0F03F500C335EB /* Images.xcassets in Resources */ = {isa = PBXBuildFile; fileRef = 13B07FB51A68108700A75B9A /* Images.xcassets */; };
		56EB52F42E0F03F500C335EB /* PrivacyInfo.xcprivacy in Resources */ = {isa = PBXBuildFile; fileRef = 13B07FB81A68108700A75B9A /* PrivacyInfo.xcprivacy */; };
		761780ED2CA45674006654EE /* AppDelegate.swift in Sources */ = {isa = PBXBuildFile; fileRef = 761780EC2CA45674006654EE /* AppDelegate.swift */; };
		81AB9BB82411601600AC10FF /* LaunchScreen.storyboard in Resources */ = {isa = PBXBuildFile; fileRef = 81AB9BB72411601600AC10FF /* LaunchScreen.storyboard */; };
		ECFAB3F6352F0B0DCBDA3212 /* PrivacyInfo.xcprivacy in Resources */ = {isa = PBXBuildFile; fileRef = 13B07FB81A68108700A75B9A /* PrivacyInfo.xcprivacy */; };
/* End PBXBuildFile section */

/* Begin PBXFileReference section */
		0B4CA5AAF899B4FEBD7CD130 /* Pods-shopsabuyfrontendnative-shopsabuyfrontendnativeDev.debug.xcconfig */ = {isa = PBXFileReference; includeInIndex = 1; lastKnownFileType = text.xcconfig; name = "Pods-shopsabuyfrontendnative-shopsabuyfrontendnativeDev.debug.xcconfig"; path = "Target Support Files/Pods-shopsabuyfrontendnative-shopsabuyfrontendnativeDev/Pods-shopsabuyfrontendnative-shopsabuyfrontendnativeDev.debug.xcconfig"; sourceTree = "<group>"; };
		13B07F961A680F5B00A75B9A /* shopsabuyfrontendnative.app */ = {isa = PBXFileReference; explicitFileType = wrapper.application; includeInIndex = 0; path = shopsabuyfrontendnative.app; sourceTree = BUILT_PRODUCTS_DIR; };
		13B07FB51A68108700A75B9A /* Images.xcassets */ = {isa = PBXFileReference; lastKnownFileType = folder.assetcatalog; name = Images.xcassets; path = shopsabuyfrontendnative/Images.xcassets; sourceTree = "<group>"; };
		13B07FB61A68108700A75B9A /* Info.plist */ = {isa = PBXFileReference; fileEncoding = 4; lastKnownFileType = text.plist.xml; name = Info.plist; path = shopsabuyfrontendnative/Info.plist; sourceTree = "<group>"; };
		13B07FB81A68108700A75B9A /* PrivacyInfo.xcprivacy */ = {isa = PBXFileReference; fileEncoding = 4; lastKnownFileType = text.plist.xml; name = PrivacyInfo.xcprivacy; path = shopsabuyfrontendnative/PrivacyInfo.xcprivacy; sourceTree = "<group>"; };
		1F5C74803315331E233966A6 /* Pods-shopsabuyfrontendnative-shopsabuyfrontendnativeStaging.debug.xcconfig */ = {isa = PBXFileReference; includeInIndex = 1; lastKnownFileType = text.xcconfig; name = "Pods-shopsabuyfrontendnative-shopsabuyfrontendnativeStaging.debug.xcconfig"; path = "Target Support Files/Pods-shopsabuyfrontendnative-shopsabuyfrontendnativeStaging/Pods-shopsabuyfrontendnative-shopsabuyfrontendnativeStaging.debug.xcconfig"; sourceTree = "<group>"; };
		3B4392A12AC88292D35C810B /* Pods-shopsabuyfrontendnative.debug.xcconfig */ = {isa = PBXFileReference; includeInIndex = 1; lastKnownFileType = text.xcconfig; name = "Pods-shopsabuyfrontendnative.debug.xcconfig"; path = "Target Support Files/Pods-shopsabuyfrontendnative/Pods-shopsabuyfrontendnative.debug.xcconfig"; sourceTree = "<group>"; };
		55971E4DF4F953CB0D95435E /* Pods-shopsabuyfrontendnativeCommonPods-shopsabuyfrontendnative.release.xcconfig */ = {isa = PBXFileReference; includeInIndex = 1; lastKnownFileType = text.xcconfig; name = "Pods-shopsabuyfrontendnativeCommonPods-shopsabuyfrontendnative.release.xcconfig"; path = "Target Support Files/Pods-shopsabuyfrontendnativeCommonPods-shopsabuyfrontendnative/Pods-shopsabuyfrontendnativeCommonPods-shopsabuyfrontendnative.release.xcconfig"; sourceTree = "<group>"; };
		56EB52E82E0EF68900C335EB /* shopsabuyfrontendnativeStaging.app */ = {isa = PBXFileReference; explicitFileType = wrapper.application; includeInIndex = 0; path = shopsabuyfrontendnativeStaging.app; sourceTree = BUILT_PRODUCTS_DIR; };
		56EB52E92E0EF68900C335EB /* shopsabuyfrontendnative Staging-Info.plist */ = {isa = PBXFileReference; lastKnownFileType = text.plist.xml; name = "shopsabuyfrontendnative Staging-Info.plist"; path = "/Users/bright/development/demo/shopsabuyfrontendnative/ios/shopsabuyfrontendnative Staging-Info.plist"; sourceTree = "<absolute>"; };
		56EB52FB2E0F03F500C335EB /* shopsabuyfrontendnativeDev.app */ = {isa = PBXFileReference; explicitFileType = wrapper.application; includeInIndex = 0; path = shopsabuyfrontendnativeDev.app; sourceTree = BUILT_PRODUCTS_DIR; };
		56EB52FC2E0F03F500C335EB /* shopsabuyfrontendnative Dev-Info.plist */ = {isa = PBXFileReference; lastKnownFileType = text.plist.xml; name = "shopsabuyfrontendnative Dev-Info.plist"; path = "/Users/bright/development/demo/shopsabuyfrontendnative/ios/shopsabuyfrontendnative Dev-Info.plist"; sourceTree = "<absolute>"; };
		5709B34CF0A7D63546082F79 /* Pods-shopsabuyfrontendnative.release.xcconfig */ = {isa = PBXFileReference; includeInIndex = 1; lastKnownFileType = text.xcconfig; name = "Pods-shopsabuyfrontendnative.release.xcconfig"; path = "Target Support Files/Pods-shopsabuyfrontendnative/Pods-shopsabuyfrontendnative.release.xcconfig"; sourceTree = "<group>"; };
		60C861965CA24C8E1254FFDB /* libPods-shopsabuyfrontendnative-shopsabuyfrontendnativeDev.a */ = {isa = PBXFileReference; explicitFileType = archive.ar; includeInIndex = 0; path = "libPods-shopsabuyfrontendnative-shopsabuyfrontendnativeDev.a"; sourceTree = BUILT_PRODUCTS_DIR; };
		761780EC2CA45674006654EE /* AppDelegate.swift */ = {isa = PBXFileReference; lastKnownFileType = sourcecode.swift; name = AppDelegate.swift; path = shopsabuyfrontendnative/AppDelegate.swift; sourceTree = "<group>"; };
		81AB9BB72411601600AC10FF /* LaunchScreen.storyboard */ = {isa = PBXFileReference; fileEncoding = 4; lastKnownFileType = file.storyboard; name = LaunchScreen.storyboard; path = shopsabuyfrontendnative/LaunchScreen.storyboard; sourceTree = "<group>"; };
		8A6093FEE2DEC28891EE6531 /* libPods-shopsabuyfrontendnative-shopsabuyfrontendnativeStaging.a */ = {isa = PBXFileReference; explicitFileType = archive.ar; includeInIndex = 0; path = "libPods-shopsabuyfrontendnative-shopsabuyfrontendnativeStaging.a"; sourceTree = BUILT_PRODUCTS_DIR; };
		BFE32F7A0912D650EFCA87B4 /* Pods-shopsabuyfrontendnativeCommonPods-shopsabuyfrontendnative.debug.xcconfig */ = {isa = PBXFileReference; includeInIndex = 1; lastKnownFileType = text.xcconfig; name = "Pods-shopsabuyfrontendnativeCommonPods-shopsabuyfrontendnative.debug.xcconfig"; path = "Target Support Files/Pods-shopsabuyfrontendnativeCommonPods-shopsabuyfrontendnative/Pods-shopsabuyfrontendnativeCommonPods-shopsabuyfrontendnative.debug.xcconfig"; sourceTree = "<group>"; };
		CE8385AAFB51DB703663D4B8 /* Pods-shopsabuyfrontendnative-shopsabuyfrontendnativeDev.release.xcconfig */ = {isa = PBXFileReference; includeInIndex = 1; lastKnownFileType = text.xcconfig; name = "Pods-shopsabuyfrontendnative-shopsabuyfrontendnativeDev.release.xcconfig"; path = "Target Support Files/Pods-shopsabuyfrontendnative-shopsabuyfrontendnativeDev/Pods-shopsabuyfrontendnative-shopsabuyfrontendnativeDev.release.xcconfig"; sourceTree = "<group>"; };
		ED297162215061F000B7C4FE /* JavaScriptCore.framework */ = {isa = PBXFileReference; lastKnownFileType = wrapper.framework; name = JavaScriptCore.framework; path = System/Library/Frameworks/JavaScriptCore.framework; sourceTree = SDKROOT; };
		F3F04BAD5BFCAB770E74A74E /* Pods-shopsabuyfrontendnative-shopsabuyfrontendnativeStaging.release.xcconfig */ = {isa = PBXFileReference; includeInIndex = 1; lastKnownFileType = text.xcconfig; name = "Pods-shopsabuyfrontendnative-shopsabuyfrontendnativeStaging.release.xcconfig"; path = "Target Support Files/Pods-shopsabuyfrontendnative-shopsabuyfrontendnativeStaging/Pods-shopsabuyfrontendnative-shopsabuyfrontendnativeStaging.release.xcconfig"; sourceTree = "<group>"; };
		F4CD5A575CAB364792CB16F5 /* Pods-shopsabuyfrontendnativeCommonPods-shopsabuyfrontendnativeStaging.release.xcconfig */ = {isa = PBXFileReference; includeInIndex = 1; lastKnownFileType = text.xcconfig; name = "Pods-shopsabuyfrontendnativeCommonPods-shopsabuyfrontendnativeStaging.release.xcconfig"; path = "Target Support Files/Pods-shopsabuyfrontendnativeCommonPods-shopsabuyfrontendnativeStaging/Pods-shopsabuyfrontendnativeCommonPods-shopsabuyfrontendnativeStaging.release.xcconfig"; sourceTree = "<group>"; };
		FEB560A07B0D7986E40AC78E /* Pods-shopsabuyfrontendnativeCommonPods-shopsabuyfrontendnativeStaging.debug.xcconfig */ = {isa = PBXFileReference; includeInIndex = 1; lastKnownFileType = text.xcconfig; name = "Pods-shopsabuyfrontendnativeCommonPods-shopsabuyfrontendnativeStaging.debug.xcconfig"; path = "Target Support Files/Pods-shopsabuyfrontendnativeCommonPods-shopsabuyfrontendnativeStaging/Pods-shopsabuyfrontendnativeCommonPods-shopsabuyfrontendnativeStaging.debug.xcconfig"; sourceTree = "<group>"; };
/* End PBXFileReference section */

/* Begin PBXFrameworksBuildPhase section */
		13B07F8C1A680F5B00A75B9A /* Frameworks */ = {
			isa = PBXFrameworksBuildPhase;
			buildActionMask = 2147483647;
			files = (
				20BE924DF402C8A324EA7D75 /* BuildFile in Frameworks */,
				44D1B472BD368BCD0A7EA8D8 /* libPods-shopsabuyfrontendnative.a in Frameworks */,
			);
			runOnlyForDeploymentPostprocessing = 0;
		};
		56EB52DC2E0EF68900C335EB /* Frameworks */ = {
			isa = PBXFrameworksBuildPhase;
			buildActionMask = 2147483647;
			files = (
				4938486A0D08E32E06D019F6 /* libPods-shopsabuyfrontendnative-shopsabuyfrontendnativeStaging.a in Frameworks */,
			);
			runOnlyForDeploymentPostprocessing = 0;
		};
		56EB52EE2E0F03F500C335EB /* Frameworks */ = {
			isa = PBXFrameworksBuildPhase;
			buildActionMask = 2147483647;
			files = (
				0C0670BF09CD8C8F6CB5F055 /* libPods-shopsabuyfrontendnative-shopsabuyfrontendnativeDev.a in Frameworks */,
			);
			runOnlyForDeploymentPostprocessing = 0;
		};
/* End PBXFrameworksBuildPhase section */

/* Begin PBXGroup section */
		13B07FAE1A68108700A75B9A /* shopsabuyfrontendnative */ = {
			isa = PBXGroup;
			children = (
				13B07FB51A68108700A75B9A /* Images.xcassets */,
				761780EC2CA45674006654EE /* AppDelegate.swift */,
				13B07FB61A68108700A75B9A /* Info.plist */,
				81AB9BB72411601600AC10FF /* LaunchScreen.storyboard */,
				13B07FB81A68108700A75B9A /* PrivacyInfo.xcprivacy */,
			);
			name = shopsabuyfrontendnative;
			sourceTree = "<group>";
		};
		2D16E6871FA4F8E400B85C8A /* Frameworks */ = {
			isa = PBXGroup;
			children = (
				ED297162215061F000B7C4FE /* JavaScriptCore.framework */,
				8A6093FEE2DEC28891EE6531 /* libPods-shopsabuyfrontendnative-shopsabuyfrontendnativeStaging.a */,
				60C861965CA24C8E1254FFDB /* libPods-shopsabuyfrontendnative-shopsabuyfrontendnativeDev.a */,
			);
			name = Frameworks;
			sourceTree = "<group>";
		};
		832341AE1AAA6A7D00B99B32 /* Libraries */ = {
			isa = PBXGroup;
			children = (
			);
			name = Libraries;
			sourceTree = "<group>";
		};
		83CBB9F61A601CBA00E9B192 = {
			isa = PBXGroup;
			children = (
				13B07FAE1A68108700A75B9A /* shopsabuyfrontendnative */,
				832341AE1AAA6A7D00B99B32 /* Libraries */,
				83CBBA001A601CBA00E9B192 /* Products */,
				2D16E6871FA4F8E400B85C8A /* Frameworks */,
				BBD78D7AC51CEA395F1C20DB /* Pods */,
				56EB52E92E0EF68900C335EB /* shopsabuyfrontendnative Staging-Info.plist */,
				56EB52FC2E0F03F500C335EB /* shopsabuyfrontendnative Dev-Info.plist */,
			);
			indentWidth = 2;
			sourceTree = "<group>";
			tabWidth = 2;
			usesTabs = 0;
		};
		83CBBA001A601CBA00E9B192 /* Products */ = {
			isa = PBXGroup;
			children = (
				13B07F961A680F5B00A75B9A /* shopsabuyfrontendnative.app */,
				56EB52E82E0EF68900C335EB /* shopsabuyfrontendnativeStaging.app */,
				56EB52FB2E0F03F500C335EB /* shopsabuyfrontendnativeDev.app */,
			);
			name = Products;
			sourceTree = "<group>";
		};
		BBD78D7AC51CEA395F1C20DB /* Pods */ = {
			isa = PBXGroup;
			children = (
				3B4392A12AC88292D35C810B /* Pods-shopsabuyfrontendnative.debug.xcconfig */,
				5709B34CF0A7D63546082F79 /* Pods-shopsabuyfrontendnative.release.xcconfig */,
				BFE32F7A0912D650EFCA87B4 /* Pods-shopsabuyfrontendnativeCommonPods-shopsabuyfrontendnative.debug.xcconfig */,
				55971E4DF4F953CB0D95435E /* Pods-shopsabuyfrontendnativeCommonPods-shopsabuyfrontendnative.release.xcconfig */,
				FEB560A07B0D7986E40AC78E /* Pods-shopsabuyfrontendnativeCommonPods-shopsabuyfrontendnativeStaging.debug.xcconfig */,
				F4CD5A575CAB364792CB16F5 /* Pods-shopsabuyfrontendnativeCommonPods-shopsabuyfrontendnativeStaging.release.xcconfig */,
				1F5C74803315331E233966A6 /* Pods-shopsabuyfrontendnative-shopsabuyfrontendnativeStaging.debug.xcconfig */,
				F3F04BAD5BFCAB770E74A74E /* Pods-shopsabuyfrontendnative-shopsabuyfrontendnativeStaging.release.xcconfig */,
				0B4CA5AAF899B4FEBD7CD130 /* Pods-shopsabuyfrontendnative-shopsabuyfrontendnativeDev.debug.xcconfig */,
				CE8385AAFB51DB703663D4B8 /* Pods-shopsabuyfrontendnative-shopsabuyfrontendnativeDev.release.xcconfig */,
			);
			path = Pods;
			sourceTree = "<group>";
		};
/* End PBXGroup section */

/* Begin PBXNativeTarget section */
		13B07F861A680F5B00A75B9A /* shopsabuyfrontendnative */ = {
			isa = PBXNativeTarget;
			buildConfigurationList = 13B07F931A680F5B00A75B9A /* Build configuration list for PBXNativeTarget "shopsabuyfrontendnative" */;
			buildPhases = (
				C38B50BA6285516D6DCD4F65 /* [CP] Check Pods Manifest.lock */,
				13B07F871A680F5B00A75B9A /* Sources */,
				13B07F8C1A680F5B00A75B9A /* Frameworks */,
				13B07F8E1A680F5B00A75B9A /* Resources */,
				00DD1BFF1BD5951E006B06BC /* Bundle React Native code and images */,
				00EEFC60759A1932668264C0 /* [CP] Embed Pods Frameworks */,
				E235C05ADACE081382539298 /* [CP] Copy Pods Resources */,
			);
			buildRules = (
			);
			dependencies = (
			);
			name = shopsabuyfrontendnative;
			productName = shopsabuyfrontendnative;
			productReference = 13B07F961A680F5B00A75B9A /* shopsabuyfrontendnative.app */;
			productType = "com.apple.product-type.application";
		};
		56EB52D82E0EF68900C335EB /* shopsabuyfrontendnativeStaging */ = {
			isa = PBXNativeTarget;
			buildConfigurationList = 56EB52E52E0EF68900C335EB /* Build configuration list for PBXNativeTarget "shopsabuyfrontendnativeStaging" */;
			buildPhases = (
				56EB52D92E0EF68900C335EB /* [CP] Check Pods Manifest.lock */,
				56EB52DA2E0EF68900C335EB /* Sources */,
				56EB52DC2E0EF68900C335EB /* Frameworks */,
				56EB52DE2E0EF68900C335EB /* Resources */,
				56EB52E22E0EF68900C335EB /* Bundle React Native code and images */,
				56EB52E32E0EF68900C335EB /* [CP] Embed Pods Frameworks */,
				56EB52E42E0EF68900C335EB /* [CP] Copy Pods Resources */,
			);
			buildRules = (
			);
			dependencies = (
			);
			name = shopsabuyfrontendnativeStaging;
			productName = shopsabuyfrontendnative;
			productReference = 56EB52E82E0EF68900C335EB /* shopsabuyfrontendnativeStaging.app */;
			productType = "com.apple.product-type.application";
		};
		56EB52EA2E0F03F500C335EB /* shopsabuyfrontendnativeDev */ = {
			isa = PBXNativeTarget;
			buildConfigurationList = 56EB52F82E0F03F500C335EB /* Build configuration list for PBXNativeTarget "shopsabuyfrontendnativeDev" */;
			buildPhases = (
				56EB52EB2E0F03F500C335EB /* [CP] Check Pods Manifest.lock */,
				56EB52EC2E0F03F500C335EB /* Sources */,
				56EB52EE2E0F03F500C335EB /* Frameworks */,
				56EB52F12E0F03F500C335EB /* Resources */,
				56EB52F52E0F03F500C335EB /* Bundle React Native code and images */,
				56EB52F62E0F03F500C335EB /* [CP] Embed Pods Frameworks */,
				56EB52F72E0F03F500C335EB /* [CP] Copy Pods Resources */,
			);
			buildRules = (
			);
			dependencies = (
			);
			name = shopsabuyfrontendnativeDev;
			productName = shopsabuyfrontendnative;
			productReference = 56EB52FB2E0F03F500C335EB /* shopsabuyfrontendnativeDev.app */;
			productType = "com.apple.product-type.application";
		};
/* End PBXNativeTarget section */

/* Begin PBXProject section */
		83CBB9F71A601CBA00E9B192 /* Project object */ = {
			isa = PBXProject;
			attributes = {
				LastUpgradeCheck = 1210;
				TargetAttributes = {
					13B07F861A680F5B00A75B9A = {
						LastSwiftMigration = 1120;
					};
				};
			};
			buildConfigurationList = 83CBB9FA1A601CBA00E9B192 /* Build configuration list for PBXProject "shopsabuyfrontendnative" */;
			compatibilityVersion = "Xcode 12.0";
			developmentRegion = en;
			hasScannedForEncodings = 0;
			knownRegions = (
				en,
				Base,
			);
			mainGroup = 83CBB9F61A601CBA00E9B192;
			productRefGroup = 83CBBA001A601CBA00E9B192 /* Products */;
			projectDirPath = "";
			projectRoot = "";
			targets = (
				13B07F861A680F5B00A75B9A /* shopsabuyfrontendnative */,
				56EB52D82E0EF68900C335EB /* shopsabuyfrontendnativeStaging */,
				56EB52EA2E0F03F500C335EB /* shopsabuyfrontendnativeDev */,
			);
		};
/* End PBXProject section */

/* Begin PBXResourcesBuildPhase section */
		13B07F8E1A680F5B00A75B9A /* Resources */ = {
			isa = PBXResourcesBuildPhase;
			buildActionMask = 2147483647;
			files = (
				81AB9BB82411601600AC10FF /* LaunchScreen.storyboard in Resources */,
				13B07FBF1A68108700A75B9A /* Images.xcassets in Resources */,
				ECFAB3F6352F0B0DCBDA3212 /* PrivacyInfo.xcprivacy in Resources */,
			);
			runOnlyForDeploymentPostprocessing = 0;
		};
		56EB52DE2E0EF68900C335EB /* Resources */ = {
			isa = PBXResourcesBuildPhase;
			buildActionMask = 2147483647;
			files = (
				56EB52DF2E0EF68900C335EB /* LaunchScreen.storyboard in Resources */,
				56EB52E02E0EF68900C335EB /* Images.xcassets in Resources */,
				56EB52E12E0EF68900C335EB /* PrivacyInfo.xcprivacy in Resources */,
			);
			runOnlyForDeploymentPostprocessing = 0;
		};
		56EB52F12E0F03F500C335EB /* Resources */ = {
			isa = PBXResourcesBuildPhase;
			buildActionMask = 2147483647;
			files = (
				56EB52F22E0F03F500C335EB /* LaunchScreen.storyboard in Resources */,
				56EB52F32E0F03F500C335EB /* Images.xcassets in Resources */,
				56EB52F42E0F03F500C335EB /* PrivacyInfo.xcprivacy in Resources */,
			);
			runOnlyForDeploymentPostprocessing = 0;
		};
/* End PBXResourcesBuildPhase section */

/* Begin PBXShellScriptBuildPhase section */
		00DD1BFF1BD5951E006B06BC /* Bundle React Native code and images */ = {
			isa = PBXShellScriptBuildPhase;
			buildActionMask = 2147483647;
			files = (
			);
			inputPaths = (
				"$(SRCROOT)/.xcode.env.local",
				"$(SRCROOT)/.xcode.env",
			);
			name = "Bundle React Native code and images";
			outputPaths = (
			);
			runOnlyForDeploymentPostprocessing = 0;
			shellPath = /bin/sh;
			shellScript = "set -e\n\nWITH_ENVIRONMENT=\"$REACT_NATIVE_PATH/scripts/xcode/with-environment.sh\"\nREACT_NATIVE_XCODE=\"$REACT_NATIVE_PATH/scripts/react-native-xcode.sh\"\n\n/bin/sh -c \"$WITH_ENVIRONMENT $REACT_NATIVE_XCODE\"\n";
		};
		00EEFC60759A1932668264C0 /* [CP] Embed Pods Frameworks */ = {
			isa = PBXShellScriptBuildPhase;
			buildActionMask = 2147483647;
			files = (
			);
			inputFileListPaths = (
				"${PODS_ROOT}/Target Support Files/Pods-shopsabuyfrontendnative/Pods-shopsabuyfrontendnative-frameworks-${CONFIGURATION}-input-files.xcfilelist",
			);
			name = "[CP] Embed Pods Frameworks";
			outputFileListPaths = (
				"${PODS_ROOT}/Target Support Files/Pods-shopsabuyfrontendnative/Pods-shopsabuyfrontendnative-frameworks-${CONFIGURATION}-output-files.xcfilelist",
			);
			runOnlyForDeploymentPostprocessing = 0;
			shellPath = /bin/sh;
			shellScript = "\"${PODS_ROOT}/Target Support Files/Pods-shopsabuyfrontendnative/Pods-shopsabuyfrontendnative-frameworks.sh\"\n";
			showEnvVarsInLog = 0;
		};
		56EB52D92E0EF68900C335EB /* [CP] Check Pods Manifest.lock */ = {
			isa = PBXShellScriptBuildPhase;
			buildActionMask = 2147483647;
			files = (
			);
			inputFileListPaths = (
			);
			inputPaths = (
				"${PODS_PODFILE_DIR_PATH}/Podfile.lock",
				"${PODS_ROOT}/Manifest.lock",
			);
			name = "[CP] Check Pods Manifest.lock";
			outputFileListPaths = (
			);
			outputPaths = (
				"$(DERIVED_FILE_DIR)/Pods-shopsabuyfrontendnative-shopsabuyfrontendnativeStaging-checkManifestLockResult.txt",
			);
			runOnlyForDeploymentPostprocessing = 0;
			shellPath = /bin/sh;
			shellScript = "diff \"${PODS_PODFILE_DIR_PATH}/Podfile.lock\" \"${PODS_ROOT}/Manifest.lock\" > /dev/null\nif [ $? != 0 ] ; then\n    # print error to STDERR\n    echo \"error: The sandbox is not in sync with the Podfile.lock. Run 'pod install' or update your CocoaPods installation.\" >&2\n    exit 1\nfi\n# This output is used by Xcode 'outputs' to avoid re-running this script phase.\necho \"SUCCESS\" > \"${SCRIPT_OUTPUT_FILE_0}\"\n";
			showEnvVarsInLog = 0;
		};
		56EB52E22E0EF68900C335EB /* Bundle React Native code and images */ = {
			isa = PBXShellScriptBuildPhase;
			buildActionMask = 2147483647;
			files = (
			);
			inputPaths = (
				"$(SRCROOT)/.xcode.env.local",
				"$(SRCROOT)/.xcode.env",
			);
			name = "Bundle React Native code and images";
			outputPaths = (
			);
			runOnlyForDeploymentPostprocessing = 0;
			shellPath = /bin/sh;
			shellScript = "set -e\n\nWITH_ENVIRONMENT=\"$REACT_NATIVE_PATH/scripts/xcode/with-environment.sh\"\nREACT_NATIVE_XCODE=\"$REACT_NATIVE_PATH/scripts/react-native-xcode.sh\"\n\n/bin/sh -c \"$WITH_ENVIRONMENT $REACT_NATIVE_XCODE\"\n";
		};
		56EB52E32E0EF68900C335EB /* [CP] Embed Pods Frameworks */ = {
			isa = PBXShellScriptBuildPhase;
			buildActionMask = 2147483647;
			files = (
			);
			inputFileListPaths = (
				"${PODS_ROOT}/Target Support Files/Pods-shopsabuyfrontendnative-shopsabuyfrontendnativeStaging/Pods-shopsabuyfrontendnative-shopsabuyfrontendnativeStaging-frameworks-${CONFIGURATION}-input-files.xcfilelist",
			);
			name = "[CP] Embed Pods Frameworks";
			outputFileListPaths = (
				"${PODS_ROOT}/Target Support Files/Pods-shopsabuyfrontendnative-shopsabuyfrontendnativeStaging/Pods-shopsabuyfrontendnative-shopsabuyfrontendnativeStaging-frameworks-${CONFIGURATION}-output-files.xcfilelist",
			);
			runOnlyForDeploymentPostprocessing = 0;
			shellPath = /bin/sh;
			shellScript = "\"${PODS_ROOT}/Target Support Files/Pods-shopsabuyfrontendnative-shopsabuyfrontendnativeStaging/Pods-shopsabuyfrontendnative-shopsabuyfrontendnativeStaging-frameworks.sh\"\n";
			showEnvVarsInLog = 0;
		};
		56EB52E42E0EF68900C335EB /* [CP] Copy Pods Resources */ = {
			isa = PBXShellScriptBuildPhase;
			buildActionMask = 2147483647;
			files = (
			);
			inputFileListPaths = (
				"${PODS_ROOT}/Target Support Files/Pods-shopsabuyfrontendnative-shopsabuyfrontendnativeStaging/Pods-shopsabuyfrontendnative-shopsabuyfrontendnativeStaging-resources-${CONFIGURATION}-input-files.xcfilelist",
			);
			name = "[CP] Copy Pods Resources";
			outputFileListPaths = (
				"${PODS_ROOT}/Target Support Files/Pods-shopsabuyfrontendnative-shopsabuyfrontendnativeStaging/Pods-shopsabuyfrontendnative-shopsabuyfrontendnativeStaging-resources-${CONFIGURATION}-output-files.xcfilelist",
			);
			runOnlyForDeploymentPostprocessing = 0;
			shellPath = /bin/sh;
			shellScript = "\"${PODS_ROOT}/Target Support Files/Pods-shopsabuyfrontendnative-shopsabuyfrontendnativeStaging/Pods-shopsabuyfrontendnative-shopsabuyfrontendnativeStaging-resources.sh\"\n";
			showEnvVarsInLog = 0;
		};
		56EB52EB2E0F03F500C335EB /* [CP] Check Pods Manifest.lock */ = {
			isa = PBXShellScriptBuildPhase;
			buildActionMask = 2147483647;
			files = (
			);
			inputFileListPaths = (
			);
			inputPaths = (
				"${PODS_PODFILE_DIR_PATH}/Podfile.lock",
				"${PODS_ROOT}/Manifest.lock",
			);
			name = "[CP] Check Pods Manifest.lock";
			outputFileListPaths = (
			);
			outputPaths = (
				"$(DERIVED_FILE_DIR)/Pods-shopsabuyfrontendnative-shopsabuyfrontendnativeDev-checkManifestLockResult.txt",
			);
			runOnlyForDeploymentPostprocessing = 0;
			shellPath = /bin/sh;
			shellScript = "diff \"${PODS_PODFILE_DIR_PATH}/Podfile.lock\" \"${PODS_ROOT}/Manifest.lock\" > /dev/null\nif [ $? != 0 ] ; then\n    # print error to STDERR\n    echo \"error: The sandbox is not in sync with the Podfile.lock. Run 'pod install' or update your CocoaPods installation.\" >&2\n    exit 1\nfi\n# This output is used by Xcode 'outputs' to avoid re-running this script phase.\necho \"SUCCESS\" > \"${SCRIPT_OUTPUT_FILE_0}\"\n";
			showEnvVarsInLog = 0;
		};
		56EB52F52E0F03F500C335EB /* Bundle React Native code and images */ = {
			isa = PBXShellScriptBuildPhase;
			buildActionMask = 2147483647;
			files = (
			);
			inputPaths = (
				"$(SRCROOT)/.xcode.env.local",
				"$(SRCROOT)/.xcode.env",
			);
			name = "Bundle React Native code and images";
			outputPaths = (
			);
			runOnlyForDeploymentPostprocessing = 0;
			shellPath = /bin/sh;
			shellScript = "set -e\n\nWITH_ENVIRONMENT=\"$REACT_NATIVE_PATH/scripts/xcode/with-environment.sh\"\nREACT_NATIVE_XCODE=\"$REACT_NATIVE_PATH/scripts/react-native-xcode.sh\"\n\n/bin/sh -c \"$WITH_ENVIRONMENT $REACT_NATIVE_XCODE\"\n";
		};
		56EB52F62E0F03F500C335EB /* [CP] Embed Pods Frameworks */ = {
			isa = PBXShellScriptBuildPhase;
			buildActionMask = 2147483647;
			files = (
			);
			inputFileListPaths = (
				"${PODS_ROOT}/Target Support Files/Pods-shopsabuyfrontendnative-shopsabuyfrontendnativeDev/Pods-shopsabuyfrontendnative-shopsabuyfrontendnativeDev-frameworks-${CONFIGURATION}-input-files.xcfilelist",
			);
			name = "[CP] Embed Pods Frameworks";
			outputFileListPaths = (
				"${PODS_ROOT}/Target Support Files/Pods-shopsabuyfrontendnative-shopsabuyfrontendnativeDev/Pods-shopsabuyfrontendnative-shopsabuyfrontendnativeDev-frameworks-${CONFIGURATION}-output-files.xcfilelist",
			);
			runOnlyForDeploymentPostprocessing = 0;
			shellPath = /bin/sh;
			shellScript = "\"${PODS_ROOT}/Target Support Files/Pods-shopsabuyfrontendnative-shopsabuyfrontendnativeDev/Pods-shopsabuyfrontendnative-shopsabuyfrontendnativeDev-frameworks.sh\"\n";
			showEnvVarsInLog = 0;
		};
		56EB52F72E0F03F500C335EB /* [CP] Copy Pods Resources */ = {
			isa = PBXShellScriptBuildPhase;
			buildActionMask = 2147483647;
			files = (
			);
			inputFileListPaths = (
				"${PODS_ROOT}/Target Support Files/Pods-shopsabuyfrontendnative-shopsabuyfrontendnativeDev/Pods-shopsabuyfrontendnative-shopsabuyfrontendnativeDev-resources-${CONFIGURATION}-input-files.xcfilelist",
			);
			name = "[CP] Copy Pods Resources";
			outputFileListPaths = (
				"${PODS_ROOT}/Target Support Files/Pods-shopsabuyfrontendnative-shopsabuyfrontendnativeDev/Pods-shopsabuyfrontendnative-shopsabuyfrontendnativeDev-resources-${CONFIGURATION}-output-files.xcfilelist",
			);
			runOnlyForDeploymentPostprocessing = 0;
			shellPath = /bin/sh;
			shellScript = "\"${PODS_ROOT}/Target Support Files/Pods-shopsabuyfrontendnative-shopsabuyfrontendnativeDev/Pods-shopsabuyfrontendnative-shopsabuyfrontendnativeDev-resources.sh\"\n";
			showEnvVarsInLog = 0;
		};
		C38B50BA6285516D6DCD4F65 /* [CP] Check Pods Manifest.lock */ = {
			isa = PBXShellScriptBuildPhase;
			buildActionMask = 2147483647;
			files = (
			);
			inputFileListPaths = (
			);
			inputPaths = (
				"${PODS_PODFILE_DIR_PATH}/Podfile.lock",
				"${PODS_ROOT}/Manifest.lock",
			);
			name = "[CP] Check Pods Manifest.lock";
			outputFileListPaths = (
			);
			outputPaths = (
				"$(DERIVED_FILE_DIR)/Pods-shopsabuyfrontendnative-checkManifestLockResult.txt",
			);
			runOnlyForDeploymentPostprocessing = 0;
			shellPath = /bin/sh;
			shellScript = "diff \"${PODS_PODFILE_DIR_PATH}/Podfile.lock\" \"${PODS_ROOT}/Manifest.lock\" > /dev/null\nif [ $? != 0 ] ; then\n    # print error to STDERR\n    echo \"error: The sandbox is not in sync with the Podfile.lock. Run 'pod install' or update your CocoaPods installation.\" >&2\n    exit 1\nfi\n# This output is used by Xcode 'outputs' to avoid re-running this script phase.\necho \"SUCCESS\" > \"${SCRIPT_OUTPUT_FILE_0}\"\n";
			showEnvVarsInLog = 0;
		};
		E235C05ADACE081382539298 /* [CP] Copy Pods Resources */ = {
			isa = PBXShellScriptBuildPhase;
			buildActionMask = 2147483647;
			files = (
			);
			inputFileListPaths = (
				"${PODS_ROOT}/Target Support Files/Pods-shopsabuyfrontendnative/Pods-shopsabuyfrontendnative-resources-${CONFIGURATION}-input-files.xcfilelist",
			);
			name = "[CP] Copy Pods Resources";
			outputFileListPaths = (
				"${PODS_ROOT}/Target Support Files/Pods-shopsabuyfrontendnative/Pods-shopsabuyfrontendnative-resources-${CONFIGURATION}-output-files.xcfilelist",
			);
			runOnlyForDeploymentPostprocessing = 0;
			shellPath = /bin/sh;
			shellScript = "\"${PODS_ROOT}/Target Support Files/Pods-shopsabuyfrontendnative/Pods-shopsabuyfrontendnative-resources.sh\"\n";
			showEnvVarsInLog = 0;
		};
/* End PBXShellScriptBuildPhase section */

/* Begin PBXSourcesBuildPhase section */
		13B07F871A680F5B00A75B9A /* Sources */ = {
			isa = PBXSourcesBuildPhase;
			buildActionMask = 2147483647;
			files = (
				761780ED2CA45674006654EE /* AppDelegate.swift in Sources */,
			);
			runOnlyForDeploymentPostprocessing = 0;
		};
		56EB52DA2E0EF68900C335EB /* Sources */ = {
			isa = PBXSourcesBuildPhase;
			buildActionMask = 2147483647;
			files = (
				56EB52DB2E0EF68900C335EB /* AppDelegate.swift in Sources */,
			);
			runOnlyForDeploymentPostprocessing = 0;
		};
		56EB52EC2E0F03F500C335EB /* Sources */ = {
			isa = PBXSourcesBuildPhase;
			buildActionMask = 2147483647;
			files = (
				56EB52ED2E0F03F500C335EB /* AppDelegate.swift in Sources */,
			);
			runOnlyForDeploymentPostprocessing = 0;
		};
/* End PBXSourcesBuildPhase section */

/* Begin XCBuildConfiguration section */
		13B07F941A680F5B00A75B9A /* Debug */ = {
			isa = XCBuildConfiguration;
			baseConfigurationReference = 3B4392A12AC88292D35C810B /* Pods-shopsabuyfrontendnative.debug.xcconfig */;
			buildSettings = {
				ASSETCATALOG_COMPILER_APPICON_NAME = AppIcon;
				CLANG_ENABLE_MODULES = YES;
				CURRENT_PROJECT_VERSION = 1;
				ENABLE_BITCODE = NO;
				INFOPLIST_FILE = shopsabuyfrontendnative/Info.plist;
				IPHONEOS_DEPLOYMENT_TARGET = 15.1;
				LD_RUNPATH_SEARCH_PATHS = (
					"$(inherited)",
					"@executable_path/Frameworks",
				);
				MARKETING_VERSION = 1.0;
				OTHER_LDFLAGS = (
					"$(inherited)",
					"-ObjC",
					"-lc++",
				);
				PRODUCT_BUNDLE_IDENTIFIER = "org.reactjs.native.example.$(PRODUCT_NAME:rfc1034identifier)";
				PRODUCT_NAME = shopsabuyfrontendnative;
				SWIFT_OPTIMIZATION_LEVEL = "-Onone";
				SWIFT_VERSION = 5.0;
				VERSIONING_SYSTEM = "apple-generic";
			};
			name = Debug;
		};
		13B07F951A680F5B00A75B9A /* Release */ = {
			isa = XCBuildConfiguration;
			baseConfigurationReference = 5709B34CF0A7D63546082F79 /* Pods-shopsabuyfrontendnative.release.xcconfig */;
			buildSettings = {
				ASSETCATALOG_COMPILER_APPICON_NAME = AppIcon;
				CLANG_ENABLE_MODULES = YES;
				CURRENT_PROJECT_VERSION = 1;
				INFOPLIST_FILE = shopsabuyfrontendnative/Info.plist;
				IPHONEOS_DEPLOYMENT_TARGET = 15.1;
				LD_RUNPATH_SEARCH_PATHS = (
					"$(inherited)",
					"@executable_path/Frameworks",
				);
				MARKETING_VERSION = 1.0;
				OTHER_LDFLAGS = (
					"$(inherited)",
					"-ObjC",
					"-lc++",
				);
				PRODUCT_BUNDLE_IDENTIFIER = "org.reactjs.native.example.$(PRODUCT_NAME:rfc1034identifier)";
				PRODUCT_NAME = shopsabuyfrontendnative;
				SWIFT_VERSION = 5.0;
				VERSIONING_SYSTEM = "apple-generic";
			};
			name = Release;
		};
		56EB52E62E0EF68900C335EB /* Debug */ = {
			isa = XCBuildConfiguration;
			baseConfigurationReference = 1F5C74803315331E233966A6 /* Pods-shopsabuyfrontendnative-shopsabuyfrontendnativeStaging.debug.xcconfig */;
			buildSettings = {
				ASSETCATALOG_COMPILER_APPICON_NAME = AppIconUat;
				CLANG_ENABLE_MODULES = YES;
				CURRENT_PROJECT_VERSION = 1;
				ENABLE_BITCODE = NO;
				INFOPLIST_FILE = "shopsabuyfrontendnative Staging-Info.plist";
				IPHONEOS_DEPLOYMENT_TARGET = 15.1;
				LD_RUNPATH_SEARCH_PATHS = (
					"$(inherited)",
					"@executable_path/Frameworks",
				);
				MARKETING_VERSION = 1.0;
				OTHER_LDFLAGS = (
					"$(inherited)",
					"-ObjC",
					"-lc++",
				);
				PRODUCT_BUNDLE_IDENTIFIER = "org.reactjs.native.example.$(PRODUCT_NAME:rfc1034identifier)";
				PRODUCT_NAME = "$(TARGET_NAME)";
				SWIFT_OPTIMIZATION_LEVEL = "-Onone";
				SWIFT_VERSION = 5.0;
				VERSIONING_SYSTEM = "apple-generic";
			};
			name = Debug;
		};
		56EB52E72E0EF68900C335EB /* Release */ = {
			isa = XCBuildConfiguration;
			baseConfigurationReference = F3F04BAD5BFCAB770E74A74E /* Pods-shopsabuyfrontendnative-shopsabuyfrontendnativeStaging.release.xcconfig */;
			buildSettings = {
				ASSETCATALOG_COMPILER_APPICON_NAME = AppIconUat;
				CLANG_ENABLE_MODULES = YES;
				CURRENT_PROJECT_VERSION = 1;
				INFOPLIST_FILE = "shopsabuyfrontendnative Staging-Info.plist";
				IPHONEOS_DEPLOYMENT_TARGET = 15.1;
				LD_RUNPATH_SEARCH_PATHS = (
					"$(inherited)",
					"@executable_path/Frameworks",
				);
				MARKETING_VERSION = 1.0;
				OTHER_LDFLAGS = (
					"$(inherited)",
					"-ObjC",
					"-lc++",
				);
				PRODUCT_BUNDLE_IDENTIFIER = "org.reactjs.native.example.$(PRODUCT_NAME:rfc1034identifier)";
				PRODUCT_NAME = "$(TARGET_NAME)";
				SWIFT_VERSION = 5.0;
				VERSIONING_SYSTEM = "apple-generic";
			};
			name = Release;
		};
		56EB52F92E0F03F500C335EB /* Debug */ = {
			isa = XCBuildConfiguration;
			baseConfigurationReference = 0B4CA5AAF899B4FEBD7CD130 /* Pods-shopsabuyfrontendnative-shopsabuyfrontendnativeDev.debug.xcconfig */;
			buildSettings = {
				ASSETCATALOG_COMPILER_APPICON_NAME = AppIconDev;
				CLANG_ENABLE_MODULES = YES;
				CURRENT_PROJECT_VERSION = 1;
				ENABLE_BITCODE = NO;
				INFOPLIST_FILE = "shopsabuyfrontendnative Dev-Info.plist";
				IPHONEOS_DEPLOYMENT_TARGET = 15.1;
				LD_RUNPATH_SEARCH_PATHS = (
					"$(inherited)",
					"@executable_path/Frameworks",
				);
				MARKETING_VERSION = 1.0;
				OTHER_LDFLAGS = (
					"$(inherited)",
					"-ObjC",
					"-lc++",
				);
				PRODUCT_BUNDLE_IDENTIFIER = "org.reactjs.native.example.$(PRODUCT_NAME:rfc1034identifier)";
				PRODUCT_NAME = "$(TARGET_NAME)";
				SWIFT_OPTIMIZATION_LEVEL = "-Onone";
				SWIFT_VERSION = 5.0;
				VERSIONING_SYSTEM = "apple-generic";
			};
			name = Debug;
		};
		56EB52FA2E0F03F500C335EB /* Release */ = {
			isa = XCBuildConfiguration;
			baseConfigurationReference = CE8385AAFB51DB703663D4B8 /* Pods-shopsabuyfrontendnative-shopsabuyfrontendnativeDev.release.xcconfig */;
			buildSettings = {
				ASSETCATALOG_COMPILER_APPICON_NAME = AppIconDev;
				CLANG_ENABLE_MODULES = YES;
				CURRENT_PROJECT_VERSION = 1;
				INFOPLIST_FILE = "shopsabuyfrontendnative Dev-Info.plist";
				IPHONEOS_DEPLOYMENT_TARGET = 15.1;
				LD_RUNPATH_SEARCH_PATHS = (
					"$(inherited)",
					"@executable_path/Frameworks",
				);
				MARKETING_VERSION = 1.0;
				OTHER_LDFLAGS = (
					"$(inherited)",
					"-ObjC",
					"-lc++",
				);
				PRODUCT_BUNDLE_IDENTIFIER = "org.reactjs.native.example.$(PRODUCT_NAME:rfc1034identifier)";
				PRODUCT_NAME = "$(TARGET_NAME)";
				SWIFT_VERSION = 5.0;
				VERSIONING_SYSTEM = "apple-generic";
			};
			name = Release;
		};
		83CBBA201A601CBA00E9B192 /* Debug */ = {
			isa = XCBuildConfiguration;
			buildSettings = {
				ALWAYS_SEARCH_USER_PATHS = NO;
				CLANG_ANALYZER_LOCALIZABILITY_NONLOCALIZED = YES;
				CLANG_CXX_LANGUAGE_STANDARD = "c++20";
				CLANG_CXX_LIBRARY = "libc++";
				CLANG_ENABLE_MODULES = YES;
				CLANG_ENABLE_OBJC_ARC = YES;
				CLANG_WARN_BLOCK_CAPTURE_AUTORELEASING = YES;
				CLANG_WARN_BOOL_CONVERSION = YES;
				CLANG_WARN_COMMA = YES;
				CLANG_WARN_CONSTANT_CONVERSION = YES;
				CLANG_WARN_DEPRECATED_OBJC_IMPLEMENTATIONS = YES;
				CLANG_WARN_DIRECT_OBJC_ISA_USAGE = YES_ERROR;
				CLANG_WARN_EMPTY_BODY = YES;
				CLANG_WARN_ENUM_CONVERSION = YES;
				CLANG_WARN_INFINITE_RECURSION = YES;
				CLANG_WARN_INT_CONVERSION = YES;
				CLANG_WARN_NON_LITERAL_NULL_CONVERSION = YES;
				CLANG_WARN_OBJC_IMPLICIT_RETAIN_SELF = YES;
				CLANG_WARN_OBJC_LITERAL_CONVERSION = YES;
				CLANG_WARN_OBJC_ROOT_CLASS = YES_ERROR;
				CLANG_WARN_QUOTED_INCLUDE_IN_FRAMEWORK_HEADER = YES;
				CLANG_WARN_RANGE_LOOP_ANALYSIS = YES;
				CLANG_WARN_STRICT_PROTOTYPES = YES;
				CLANG_WARN_SUSPICIOUS_MOVE = YES;
				CLANG_WARN_UNREACHABLE_CODE = YES;
				CLANG_WARN__DUPLICATE_METHOD_MATCH = YES;
				"CODE_SIGN_IDENTITY[sdk=iphoneos*]" = "iPhone Developer";
				COPY_PHASE_STRIP = NO;
				ENABLE_STRICT_OBJC_MSGSEND = YES;
				ENABLE_TESTABILITY = YES;
				"EXCLUDED_ARCHS[sdk=iphonesimulator*]" = "";
				GCC_C_LANGUAGE_STANDARD = gnu99;
				GCC_DYNAMIC_NO_PIC = NO;
				GCC_NO_COMMON_BLOCKS = YES;
				GCC_OPTIMIZATION_LEVEL = 0;
				GCC_PREPROCESSOR_DEFINITIONS = (
					"DEBUG=1",
					"$(inherited)",
				);
				GCC_SYMBOLS_PRIVATE_EXTERN = NO;
				GCC_WARN_64_TO_32_BIT_CONVERSION = YES;
				GCC_WARN_ABOUT_RETURN_TYPE = YES_ERROR;
				GCC_WARN_UNDECLARED_SELECTOR = YES;
				GCC_WARN_UNINITIALIZED_AUTOS = YES_AGGRESSIVE;
				GCC_WARN_UNUSED_FUNCTION = YES;
				GCC_WARN_UNUSED_VARIABLE = YES;
				IPHONEOS_DEPLOYMENT_TARGET = 15.1;
				LD_RUNPATH_SEARCH_PATHS = (
					/usr/lib/swift,
					"$(inherited)",
				);
				LIBRARY_SEARCH_PATHS = (
					"\"$(SDKROOT)/usr/lib/swift\"",
					"\"$(TOOLCHAIN_DIR)/usr/lib/swift/$(PLATFORM_NAME)\"",
					"\"$(inherited)\"",
				);
				MTL_ENABLE_DEBUG_INFO = YES;
				ONLY_ACTIVE_ARCH = YES;
				OTHER_CPLUSPLUSFLAGS = (
					"$(OTHER_CFLAGS)",
					"-DFOLLY_NO_CONFIG",
					"-DFOLLY_MOBILE=1",
					"-DFOLLY_USE_LIBCPP=1",
					"-DFOLLY_CFG_NO_COROUTINES=1",
					"-DFOLLY_HAVE_CLOCK_GETTIME=1",
				);
				OTHER_LDFLAGS = (
					"$(inherited)",
					" ",
				);
				REACT_NATIVE_PATH = "${PODS_ROOT}/../../node_modules/react-native";
				SDKROOT = iphoneos;
				SWIFT_ACTIVE_COMPILATION_CONDITIONS = "$(inherited) DEBUG";
				USE_HERMES = true;
			};
			name = Debug;
		};
		83CBBA211A601CBA00E9B192 /* Release */ = {
			isa = XCBuildConfiguration;
			buildSettings = {
				ALWAYS_SEARCH_USER_PATHS = NO;
				CLANG_ANALYZER_LOCALIZABILITY_NONLOCALIZED = YES;
				CLANG_CXX_LANGUAGE_STANDARD = "c++20";
				CLANG_CXX_LIBRARY = "libc++";
				CLANG_ENABLE_MODULES = YES;
				CLANG_ENABLE_OBJC_ARC = YES;
				CLANG_WARN_BLOCK_CAPTURE_AUTORELEASING = YES;
				CLANG_WARN_BOOL_CONVERSION = YES;
				CLANG_WARN_COMMA = YES;
				CLANG_WARN_CONSTANT_CONVERSION = YES;
				CLANG_WARN_DEPRECATED_OBJC_IMPLEMENTATIONS = YES;
				CLANG_WARN_DIRECT_OBJC_ISA_USAGE = YES_ERROR;
				CLANG_WARN_EMPTY_BODY = YES;
				CLANG_WARN_ENUM_CONVERSION = YES;
				CLANG_WARN_INFINITE_RECURSION = YES;
				CLANG_WARN_INT_CONVERSION = YES;
				CLANG_WARN_NON_LITERAL_NULL_CONVERSION = YES;
				CLANG_WARN_OBJC_IMPLICIT_RETAIN_SELF = YES;
				CLANG_WARN_OBJC_LITERAL_CONVERSION = YES;
				CLANG_WARN_OBJC_ROOT_CLASS = YES_ERROR;
				CLANG_WARN_QUOTED_INCLUDE_IN_FRAMEWORK_HEADER = YES;
				CLANG_WARN_RANGE_LOOP_ANALYSIS = YES;
				CLANG_WARN_STRICT_PROTOTYPES = YES;
				CLANG_WARN_SUSPICIOUS_MOVE = YES;
				CLANG_WARN_UNREACHABLE_CODE = YES;
				CLANG_WARN__DUPLICATE_METHOD_MATCH = YES;
				"CODE_SIGN_IDENTITY[sdk=iphoneos*]" = "iPhone Developer";
				COPY_PHASE_STRIP = YES;
				ENABLE_NS_ASSERTIONS = NO;
				ENABLE_STRICT_OBJC_MSGSEND = YES;
				"EXCLUDED_ARCHS[sdk=iphonesimulator*]" = "";
				GCC_C_LANGUAGE_STANDARD = gnu99;
				GCC_NO_COMMON_BLOCKS = YES;
				GCC_WARN_64_TO_32_BIT_CONVERSION = YES;
				GCC_WARN_ABOUT_RETURN_TYPE = YES_ERROR;
				GCC_WARN_UNDECLARED_SELECTOR = YES;
				GCC_WARN_UNINITIALIZED_AUTOS = YES_AGGRESSIVE;
				GCC_WARN_UNUSED_FUNCTION = YES;
				GCC_WARN_UNUSED_VARIABLE = YES;
				IPHONEOS_DEPLOYMENT_TARGET = 15.1;
				LD_RUNPATH_SEARCH_PATHS = (
					/usr/lib/swift,
					"$(inherited)",
				);
				LIBRARY_SEARCH_PATHS = (
					"\"$(SDKROOT)/usr/lib/swift\"",
					"\"$(TOOLCHAIN_DIR)/usr/lib/swift/$(PLATFORM_NAME)\"",
					"\"$(inherited)\"",
				);
				MTL_ENABLE_DEBUG_INFO = NO;
				OTHER_CPLUSPLUSFLAGS = (
					"$(OTHER_CFLAGS)",
					"-DFOLLY_NO_CONFIG",
					"-DFOLLY_MOBILE=1",
					"-DFOLLY_USE_LIBCPP=1",
					"-DFOLLY_CFG_NO_COROUTINES=1",
					"-DFOLLY_HAVE_CLOCK_GETTIME=1",
				);
				OTHER_LDFLAGS = (
					"$(inherited)",
					" ",
				);
				REACT_NATIVE_PATH = "${PODS_ROOT}/../../node_modules/react-native";
				SDKROOT = iphoneos;
				USE_HERMES = true;
				VALIDATE_PRODUCT = YES;
			};
			name = Release;
		};
/* End XCBuildConfiguration section */

/* Begin XCConfigurationList section */
		13B07F931A680F5B00A75B9A /* Build configuration list for PBXNativeTarget "shopsabuyfrontendnative" */ = {
			isa = XCConfigurationList;
			buildConfigurations = (
				13B07F941A680F5B00A75B9A /* Debug */,
				13B07F951A680F5B00A75B9A /* Release */,
			);
			defaultConfigurationIsVisible = 0;
			defaultConfigurationName = Release;
		};
		56EB52E52E0EF68900C335EB /* Build configuration list for PBXNativeTarget "shopsabuyfrontendnativeStaging" */ = {
			isa = XCConfigurationList;
			buildConfigurations = (
				56EB52E62E0EF68900C335EB /* Debug */,
				56EB52E72E0EF68900C335EB /* Release */,
			);
			defaultConfigurationIsVisible = 0;
			defaultConfigurationName = Release;
		};
		56EB52F82E0F03F500C335EB /* Build configuration list for PBXNativeTarget "shopsabuyfrontendnativeDev" */ = {
			isa = XCConfigurationList;
			buildConfigurations = (
				56EB52F92E0F03F500C335EB /* Debug */,
				56EB52FA2E0F03F500C335EB /* Release */,
			);
			defaultConfigurationIsVisible = 0;
			defaultConfigurationName = Release;
		};
		83CBB9FA1A601CBA00E9B192 /* Build configuration list for PBXProject "shopsabuyfrontendnative" */ = {
			isa = XCConfigurationList;
			buildConfigurations = (
				83CBBA201A601CBA00E9B192 /* Debug */,
				83CBBA211A601CBA00E9B192 /* Release */,
			);
			defaultConfigurationIsVisible = 0;
			defaultConfigurationName = Release;
		};
/* End XCConfigurationList section */
	};
	rootObject = 83CBB9F71A601CBA00E9B192 /* Project object */;
}
